// !$*UTF8*$!
{
	archiveVersion = 1;
	classes = {
	};
	objectVersion = 46;
	objects = {

/* Begin PBXBuildFile section */
		61E0774A1E44F352006E061D /* main.m in Sources */ = {isa = PBXBuildFile; fileRef = 61E077491E44F352006E061D /* main.m */; };
		61E0774D1E44F352006E061D /* AppDelegate.m in Sources */ = {isa = PBXBuildFile; fileRef = 61E0774C1E44F352006E061D /* AppDelegate.m */; };
		61E077531E44F352006E061D /* Main.storyboard in Resources */ = {isa = PBXBuildFile; fileRef = 61E077511E44F352006E061D /* Main.storyboard */; };
		61E077551E44F352006E061D /* Assets.xcassets in Resources */ = {isa = PBXBuildFile; fileRef = 61E077541E44F352006E061D /* Assets.xcassets */; };
		61E077581E44F352006E061D /* LaunchScreen.storyboard in Resources */ = {isa = PBXBuildFile; fileRef = 61E077561E44F352006E061D /* LaunchScreen.storyboard */; };
		61E077631E44F352006E061D /* JukeboxAppTests.m in Sources */ = {isa = PBXBuildFile; fileRef = 61E077621E44F352006E061D /* JukeboxAppTests.m */; };
		61E0776E1E44F352006E061D /* JukeboxAppUITests.m in Sources */ = {isa = PBXBuildFile; fileRef = 61E0776D1E44F352006E061D /* JukeboxAppUITests.m */; };
		61E0777D1E44F562006E061D /* AVFoundation.framework in Frameworks */ = {isa = PBXBuildFile; fileRef = 61E0777C1E44F561006E061D /* AVFoundation.framework */; };
		61E0777F1E44F56B006E061D /* SystemConfiguration.framework in Frameworks */ = {isa = PBXBuildFile; fileRef = 61E0777E1E44F56B006E061D /* SystemConfiguration.framework */; };
		61E077811E44F6C1006E061D /* SpotifyAudioPlayback.framework in Frameworks */ = {isa = PBXBuildFile; fileRef = 61E077801E44F6C1006E061D /* SpotifyAudioPlayback.framework */; };
		61E077831E44F6D9006E061D /* SpotifyAuthentication.framework in Frameworks */ = {isa = PBXBuildFile; fileRef = 61E077821E44F6D9006E061D /* SpotifyAuthentication.framework */; };
		61E077851E44F6E0006E061D /* SpotifyMetadata.framework in Frameworks */ = {isa = PBXBuildFile; fileRef = 61E077841E44F6E0006E061D /* SpotifyMetadata.framework */; };
		61E0778B1E44F7CB006E061D /* JBPManger.m in Sources */ = {isa = PBXBuildFile; fileRef = 61E0778A1E44F7CB006E061D /* JBPManger.m */; };
		61E077921E44FB53006E061D /* JBPSpotifyServiceManager.m in Sources */ = {isa = PBXBuildFile; fileRef = 61E077911E44FB53006E061D /* JBPSpotifyServiceManager.m */; };
		61E077951E452223006E061D /* ViewController.m in Sources */ = {isa = PBXBuildFile; fileRef = 61E077941E452223006E061D /* ViewController.m */; };
		61E077981E452B37006E061D /* JBPPlaylist.m in Sources */ = {isa = PBXBuildFile; fileRef = 61E077971E452B37006E061D /* JBPPlaylist.m */; };
		61E0779F1E454240006E061D /* JBPQueuePlaylist.m in Sources */ = {isa = PBXBuildFile; fileRef = 61E0779E1E454240006E061D /* JBPQueuePlaylist.m */; };
		61E077A21E4544C3006E061D /* JBPNormalPlaylist.m in Sources */ = {isa = PBXBuildFile; fileRef = 61E077A11E4544C3006E061D /* JBPNormalPlaylist.m */; };
		61E077A51E45491A006E061D /* JBPPlaylistController.m in Sources */ = {isa = PBXBuildFile; fileRef = 61E077A41E45491A006E061D /* JBPPlaylistController.m */; };
		61E077A91E45505A006E061D /* JBPTrie.m in Sources */ = {isa = PBXBuildFile; fileRef = 61E077A81E45505A006E061D /* JBPTrie.m */; };
		61E077AC1E455370006E061D /* JBPNode.m in Sources */ = {isa = PBXBuildFile; fileRef = 61E077AB1E455370006E061D /* JBPNode.m */; };
		61E077AF1E469098006E061D /* JBPMusicStore.m in Sources */ = {isa = PBXBuildFile; fileRef = 61E077AE1E469098006E061D /* JBPMusicStore.m */; };
		61E077B31E4692CE006E061D /* JBPSong.m in Sources */ = {isa = PBXBuildFile; fileRef = 61E077B21E4692CE006E061D /* JBPSong.m */; };
		61E077B61E469527006E061D /* JBPSpotifySong.m in Sources */ = {isa = PBXBuildFile; fileRef = 61E077B51E469527006E061D /* JBPSpotifySong.m */; };
		61E077B91E46C76A006E061D /* PlaylistViewController.m in Sources */ = {isa = PBXBuildFile; fileRef = 61E077B81E46C76A006E061D /* PlaylistViewController.m */; };
		61E077BC1E46CB47006E061D /* SongsViewController.m in Sources */ = {isa = PBXBuildFile; fileRef = 61E077BB1E46CB47006E061D /* SongsViewController.m */; };
		61E077BF1E46D5DC006E061D /* JBPJukeBoxController.m in Sources */ = {isa = PBXBuildFile; fileRef = 61E077BE1E46D5DC006E061D /* JBPJukeBoxController.m */; };
		61E077C31E47C183006E061D /* SongTableViewCell.m in Sources */ = {isa = PBXBuildFile; fileRef = 61E077C21E47C183006E061D /* SongTableViewCell.m */; };
/* End PBXBuildFile section */

/* Begin PBXContainerItemProxy section */
		61E0775F1E44F352006E061D /* PBXContainerItemProxy */ = {
			isa = PBXContainerItemProxy;
			containerPortal = 61E0773D1E44F352006E061D /* Project object */;
			proxyType = 1;
			remoteGlobalIDString = 61E077441E44F352006E061D;
			remoteInfo = JukeboxApp;
		};
		61E0776A1E44F352006E061D /* PBXContainerItemProxy */ = {
			isa = PBXContainerItemProxy;
			containerPortal = 61E0773D1E44F352006E061D /* Project object */;
			proxyType = 1;
			remoteGlobalIDString = 61E077441E44F352006E061D;
			remoteInfo = JukeboxApp;
		};
/* End PBXContainerItemProxy section */

/* Begin PBXFileReference section */
		61E077451E44F352006E061D /* JukeboxApp.app */ = {isa = PBXFileReference; explicitFileType = wrapper.application; includeInIndex = 0; path = JukeboxApp.app; sourceTree = BUILT_PRODUCTS_DIR; };
		61E077491E44F352006E061D /* main.m */ = {isa = PBXFileReference; lastKnownFileType = sourcecode.c.objc; path = main.m; sourceTree = "<group>"; };
		61E0774B1E44F352006E061D /* AppDelegate.h */ = {isa = PBXFileReference; lastKnownFileType = sourcecode.c.h; path = AppDelegate.h; sourceTree = "<group>"; };
		61E0774C1E44F352006E061D /* AppDelegate.m */ = {isa = PBXFileReference; lastKnownFileType = sourcecode.c.objc; path = AppDelegate.m; sourceTree = "<group>"; };
		61E077521E44F352006E061D /* Base */ = {isa = PBXFileReference; lastKnownFileType = file.storyboard; name = Base; path = Base.lproj/Main.storyboard; sourceTree = "<group>"; };
		61E077541E44F352006E061D /* Assets.xcassets */ = {isa = PBXFileReference; lastKnownFileType = folder.assetcatalog; path = Assets.xcassets; sourceTree = "<group>"; };
		61E077571E44F352006E061D /* Base */ = {isa = PBXFileReference; lastKnownFileType = file.storyboard; name = Base; path = Base.lproj/LaunchScreen.storyboard; sourceTree = "<group>"; };
		61E077591E44F352006E061D /* Info.plist */ = {isa = PBXFileReference; lastKnownFileType = text.plist.xml; path = Info.plist; sourceTree = "<group>"; };
		61E0775E1E44F352006E061D /* JukeboxAppTests.xctest */ = {isa = PBXFileReference; explicitFileType = wrapper.cfbundle; includeInIndex = 0; path = JukeboxAppTests.xctest; sourceTree = BUILT_PRODUCTS_DIR; };
		61E077621E44F352006E061D /* JukeboxAppTests.m */ = {isa = PBXFileReference; lastKnownFileType = sourcecode.c.objc; path = JukeboxAppTests.m; sourceTree = "<group>"; };
		61E077641E44F352006E061D /* Info.plist */ = {isa = PBXFileReference; lastKnownFileType = text.plist.xml; path = Info.plist; sourceTree = "<group>"; };
		61E077691E44F352006E061D /* JukeboxAppUITests.xctest */ = {isa = PBXFileReference; explicitFileType = wrapper.cfbundle; includeInIndex = 0; path = JukeboxAppUITests.xctest; sourceTree = BUILT_PRODUCTS_DIR; };
		61E0776D1E44F352006E061D /* JukeboxAppUITests.m */ = {isa = PBXFileReference; lastKnownFileType = sourcecode.c.objc; path = JukeboxAppUITests.m; sourceTree = "<group>"; };
		61E0776F1E44F352006E061D /* Info.plist */ = {isa = PBXFileReference; lastKnownFileType = text.plist.xml; path = Info.plist; sourceTree = "<group>"; };
		61E0777C1E44F561006E061D /* AVFoundation.framework */ = {isa = PBXFileReference; lastKnownFileType = wrapper.framework; name = AVFoundation.framework; path = System/Library/Frameworks/AVFoundation.framework; sourceTree = SDKROOT; };
		61E0777E1E44F56B006E061D /* SystemConfiguration.framework */ = {isa = PBXFileReference; lastKnownFileType = wrapper.framework; name = SystemConfiguration.framework; path = System/Library/Frameworks/SystemConfiguration.framework; sourceTree = SDKROOT; };
		61E077801E44F6C1006E061D /* SpotifyAudioPlayback.framework */ = {isa = PBXFileReference; lastKnownFileType = wrapper.framework; path = SpotifyAudioPlayback.framework; sourceTree = "<group>"; };
		61E077821E44F6D9006E061D /* SpotifyAuthentication.framework */ = {isa = PBXFileReference; lastKnownFileType = wrapper.framework; path = SpotifyAuthentication.framework; sourceTree = "<group>"; };
		61E077841E44F6E0006E061D /* SpotifyMetadata.framework */ = {isa = PBXFileReference; lastKnownFileType = wrapper.framework; path = SpotifyMetadata.framework; sourceTree = "<group>"; };
		61E077891E44F7CB006E061D /* JBPManger.h */ = {isa = PBXFileReference; fileEncoding = 4; lastKnownFileType = sourcecode.c.h; path = JBPManger.h; sourceTree = "<group>"; };
		61E0778A1E44F7CB006E061D /* JBPManger.m */ = {isa = PBXFileReference; fileEncoding = 4; lastKnownFileType = sourcecode.c.objc; path = JBPManger.m; sourceTree = "<group>"; };
		61E077901E44FB53006E061D /* JBPSpotifyServiceManager.h */ = {isa = PBXFileReference; fileEncoding = 4; lastKnownFileType = sourcecode.c.h; path = JBPSpotifyServiceManager.h; sourceTree = "<group>"; };
		61E077911E44FB53006E061D /* JBPSpotifyServiceManager.m */ = {isa = PBXFileReference; fileEncoding = 4; lastKnownFileType = sourcecode.c.objc; path = JBPSpotifyServiceManager.m; sourceTree = "<group>"; };
		61E077931E452223006E061D /* ViewController.h */ = {isa = PBXFileReference; fileEncoding = 4; lastKnownFileType = sourcecode.c.h; path = ViewController.h; sourceTree = "<group>"; };
		61E077941E452223006E061D /* ViewController.m */ = {isa = PBXFileReference; fileEncoding = 4; lastKnownFileType = sourcecode.c.objc; path = ViewController.m; sourceTree = "<group>"; };
		61E077961E452B37006E061D /* JBPPlaylist.h */ = {isa = PBXFileReference; fileEncoding = 4; lastKnownFileType = sourcecode.c.h; path = JBPPlaylist.h; sourceTree = "<group>"; };
		61E077971E452B37006E061D /* JBPPlaylist.m */ = {isa = PBXFileReference; fileEncoding = 4; lastKnownFileType = sourcecode.c.objc; path = JBPPlaylist.m; sourceTree = "<group>"; };
		61E0779D1E454240006E061D /* JBPQueuePlaylist.h */ = {isa = PBXFileReference; fileEncoding = 4; lastKnownFileType = sourcecode.c.h; path = JBPQueuePlaylist.h; sourceTree = "<group>"; };
		61E0779E1E454240006E061D /* JBPQueuePlaylist.m */ = {isa = PBXFileReference; fileEncoding = 4; lastKnownFileType = sourcecode.c.objc; path = JBPQueuePlaylist.m; sourceTree = "<group>"; };
		61E077A01E4544C3006E061D /* JBPNormalPlaylist.h */ = {isa = PBXFileReference; fileEncoding = 4; lastKnownFileType = sourcecode.c.h; path = JBPNormalPlaylist.h; sourceTree = "<group>"; };
		61E077A11E4544C3006E061D /* JBPNormalPlaylist.m */ = {isa = PBXFileReference; fileEncoding = 4; lastKnownFileType = sourcecode.c.objc; path = JBPNormalPlaylist.m; sourceTree = "<group>"; };
		61E077A31E45491A006E061D /* JBPPlaylistController.h */ = {isa = PBXFileReference; fileEncoding = 4; lastKnownFileType = sourcecode.c.h; path = JBPPlaylistController.h; sourceTree = "<group>"; };
		61E077A41E45491A006E061D /* JBPPlaylistController.m */ = {isa = PBXFileReference; fileEncoding = 4; lastKnownFileType = sourcecode.c.objc; path = JBPPlaylistController.m; sourceTree = "<group>"; };
		61E077A71E45505A006E061D /* JBPTrie.h */ = {isa = PBXFileReference; fileEncoding = 4; lastKnownFileType = sourcecode.c.h; path = JBPTrie.h; sourceTree = "<group>"; };
		61E077A81E45505A006E061D /* JBPTrie.m */ = {isa = PBXFileReference; fileEncoding = 4; lastKnownFileType = sourcecode.c.objc; path = JBPTrie.m; sourceTree = "<group>"; };
		61E077AA1E455370006E061D /* JBPNode.h */ = {isa = PBXFileReference; fileEncoding = 4; lastKnownFileType = sourcecode.c.h; path = JBPNode.h; sourceTree = "<group>"; };
		61E077AB1E455370006E061D /* JBPNode.m */ = {isa = PBXFileReference; fileEncoding = 4; lastKnownFileType = sourcecode.c.objc; path = JBPNode.m; sourceTree = "<group>"; };
		61E077AD1E469098006E061D /* JBPMusicStore.h */ = {isa = PBXFileReference; fileEncoding = 4; lastKnownFileType = sourcecode.c.h; path = JBPMusicStore.h; sourceTree = "<group>"; };
		61E077AE1E469098006E061D /* JBPMusicStore.m */ = {isa = PBXFileReference; fileEncoding = 4; lastKnownFileType = sourcecode.c.objc; path = JBPMusicStore.m; sourceTree = "<group>"; };
		61E077B11E4692CE006E061D /* JBPSong.h */ = {isa = PBXFileReference; fileEncoding = 4; lastKnownFileType = sourcecode.c.h; path = JBPSong.h; sourceTree = "<group>"; };
		61E077B21E4692CE006E061D /* JBPSong.m */ = {isa = PBXFileReference; fileEncoding = 4; lastKnownFileType = sourcecode.c.objc; path = JBPSong.m; sourceTree = "<group>"; };
		61E077B41E469527006E061D /* JBPSpotifySong.h */ = {isa = PBXFileReference; fileEncoding = 4; lastKnownFileType = sourcecode.c.h; path = JBPSpotifySong.h; sourceTree = "<group>"; };
		61E077B51E469527006E061D /* JBPSpotifySong.m */ = {isa = PBXFileReference; fileEncoding = 4; lastKnownFileType = sourcecode.c.objc; path = JBPSpotifySong.m; sourceTree = "<group>"; };
		61E077B71E46C76A006E061D /* PlaylistViewController.h */ = {isa = PBXFileReference; fileEncoding = 4; lastKnownFileType = sourcecode.c.h; path = PlaylistViewController.h; sourceTree = "<group>"; };
		61E077B81E46C76A006E061D /* PlaylistViewController.m */ = {isa = PBXFileReference; fileEncoding = 4; lastKnownFileType = sourcecode.c.objc; path = PlaylistViewController.m; sourceTree = "<group>"; };
		61E077BA1E46CB47006E061D /* SongsViewController.h */ = {isa = PBXFileReference; fileEncoding = 4; lastKnownFileType = sourcecode.c.h; path = SongsViewController.h; sourceTree = "<group>"; };
		61E077BB1E46CB47006E061D /* SongsViewController.m */ = {isa = PBXFileReference; fileEncoding = 4; lastKnownFileType = sourcecode.c.objc; path = SongsViewController.m; sourceTree = "<group>"; };
		61E077BD1E46D5DC006E061D /* JBPJukeBoxController.h */ = {isa = PBXFileReference; fileEncoding = 4; lastKnownFileType = sourcecode.c.h; path = JBPJukeBoxController.h; sourceTree = "<group>"; };
		61E077BE1E46D5DC006E061D /* JBPJukeBoxController.m */ = {isa = PBXFileReference; fileEncoding = 4; lastKnownFileType = sourcecode.c.objc; path = JBPJukeBoxController.m; sourceTree = "<group>"; };
		61E077C11E47C183006E061D /* SongTableViewCell.h */ = {isa = PBXFileReference; fileEncoding = 4; lastKnownFileType = sourcecode.c.h; path = SongTableViewCell.h; sourceTree = "<group>"; };
		61E077C21E47C183006E061D /* SongTableViewCell.m */ = {isa = PBXFileReference; fileEncoding = 4; lastKnownFileType = sourcecode.c.objc; path = SongTableViewCell.m; sourceTree = "<group>"; };
/* End PBXFileReference section */

/* Begin PBXFrameworksBuildPhase section */
		61E077421E44F352006E061D /* Frameworks */ = {
			isa = PBXFrameworksBuildPhase;
			buildActionMask = 2147483647;
			files = (
				61E077851E44F6E0006E061D /* SpotifyMetadata.framework in Frameworks */,
				61E0777F1E44F56B006E061D /* SystemConfiguration.framework in Frameworks */,
				61E077831E44F6D9006E061D /* SpotifyAuthentication.framework in Frameworks */,
				61E0777D1E44F562006E061D /* AVFoundation.framework in Frameworks */,
				61E077811E44F6C1006E061D /* SpotifyAudioPlayback.framework in Frameworks */,
			);
			runOnlyForDeploymentPostprocessing = 0;
		};
		61E0775B1E44F352006E061D /* Frameworks */ = {
			isa = PBXFrameworksBuildPhase;
			buildActionMask = 2147483647;
			files = (
			);
			runOnlyForDeploymentPostprocessing = 0;
		};
		61E077661E44F352006E061D /* Frameworks */ = {
			isa = PBXFrameworksBuildPhase;
			buildActionMask = 2147483647;
			files = (
			);
			runOnlyForDeploymentPostprocessing = 0;
		};
/* End PBXFrameworksBuildPhase section */

/* Begin PBXGroup section */
		61E0773C1E44F352006E061D = {
			isa = PBXGroup;
			children = (
				61E077471E44F352006E061D /* JukeboxApp */,
				61E077611E44F352006E061D /* JukeboxAppTests */,
				61E0776C1E44F352006E061D /* JukeboxAppUITests */,
				61E077461E44F352006E061D /* Products */,
				61E0777B1E44F561006E061D /* Frameworks */,
			);
			sourceTree = "<group>";
		};
		61E077461E44F352006E061D /* Products */ = {
			isa = PBXGroup;
			children = (
				61E077451E44F352006E061D /* JukeboxApp.app */,
				61E0775E1E44F352006E061D /* JukeboxAppTests.xctest */,
				61E077691E44F352006E061D /* JukeboxAppUITests.xctest */,
			);
			name = Products;
			sourceTree = "<group>";
		};
		61E077471E44F352006E061D /* JukeboxApp */ = {
			isa = PBXGroup;
			children = (
				61E0774B1E44F352006E061D /* AppDelegate.h */,
				61E0774C1E44F352006E061D /* AppDelegate.m */,
				61E077881E44F75D006E061D /* View Controllers */,
				61E077C41E47C18B006E061D /* Custom Views */,
				61E077861E44F728006E061D /* Classes */,
				61E077871E44F749006E061D /* Storyboards */,
				61E077481E44F352006E061D /* Supporting Files */,
			);
			path = JukeboxApp;
			sourceTree = "<group>";
		};
		61E077481E44F352006E061D /* Supporting Files */ = {
			isa = PBXGroup;
			children = (
				61E077541E44F352006E061D /* Assets.xcassets */,
				61E077491E44F352006E061D /* main.m */,
				61E077591E44F352006E061D /* Info.plist */,
			);
			name = "Supporting Files";
			sourceTree = "<group>";
		};
		61E077611E44F352006E061D /* JukeboxAppTests */ = {
			isa = PBXGroup;
			children = (
				61E077621E44F352006E061D /* JukeboxAppTests.m */,
				61E077641E44F352006E061D /* Info.plist */,
			);
			path = JukeboxAppTests;
			sourceTree = "<group>";
		};
		61E0776C1E44F352006E061D /* JukeboxAppUITests */ = {
			isa = PBXGroup;
			children = (
				61E0776D1E44F352006E061D /* JukeboxAppUITests.m */,
				61E0776F1E44F352006E061D /* Info.plist */,
			);
			path = JukeboxAppUITests;
			sourceTree = "<group>";
		};
		61E0777B1E44F561006E061D /* Frameworks */ = {
			isa = PBXGroup;
			children = (
				61E077841E44F6E0006E061D /* SpotifyMetadata.framework */,
				61E077821E44F6D9006E061D /* SpotifyAuthentication.framework */,
				61E077801E44F6C1006E061D /* SpotifyAudioPlayback.framework */,
				61E0777E1E44F56B006E061D /* SystemConfiguration.framework */,
				61E0777C1E44F561006E061D /* AVFoundation.framework */,
			);
			name = Frameworks;
			sourceTree = "<group>";
		};
		61E077861E44F728006E061D /* Classes */ = {
			isa = PBXGroup;
			children = (
				61E077C01E46D5E3006E061D /* JukeBox Classes */,
				61E077B01E4692AA006E061D /* Song Classes */,
				61E077A61E455048006E061D /* Music Store Classes */,
				61E0778C1E44F88B006E061D /* Manager Classes */,
				61E077991E452B41006E061D /* Playlist Classes */,
			);
			name = Classes;
			sourceTree = "<group>";
		};
		61E077871E44F749006E061D /* Storyboards */ = {
			isa = PBXGroup;
			children = (
				61E077511E44F352006E061D /* Main.storyboard */,
				61E077561E44F352006E061D /* LaunchScreen.storyboard */,
			);
			name = Storyboards;
			sourceTree = "<group>";
		};
		61E077881E44F75D006E061D /* View Controllers */ = {
			isa = PBXGroup;
			children = (
				61E077931E452223006E061D /* ViewController.h */,
				61E077941E452223006E061D /* ViewController.m */,
				61E077B71E46C76A006E061D /* PlaylistViewController.h */,
				61E077B81E46C76A006E061D /* PlaylistViewController.m */,
				61E077BA1E46CB47006E061D /* SongsViewController.h */,
				61E077BB1E46CB47006E061D /* SongsViewController.m */,
			);
			name = "View Controllers";
			sourceTree = "<group>";
		};
		61E0778C1E44F88B006E061D /* Manager Classes */ = {
			isa = PBXGroup;
			children = (
				61E077891E44F7CB006E061D /* JBPManger.h */,
				61E0778A1E44F7CB006E061D /* JBPManger.m */,
				61E077901E44FB53006E061D /* JBPSpotifyServiceManager.h */,
				61E077911E44FB53006E061D /* JBPSpotifyServiceManager.m */,
			);
			name = "Manager Classes";
			sourceTree = "<group>";
		};
		61E077991E452B41006E061D /* Playlist Classes */ = {
			isa = PBXGroup;
			children = (
				61E077A31E45491A006E061D /* JBPPlaylistController.h */,
				61E077A41E45491A006E061D /* JBPPlaylistController.m */,
				61E077961E452B37006E061D /* JBPPlaylist.h */,
				61E077971E452B37006E061D /* JBPPlaylist.m */,
				61E0779D1E454240006E061D /* JBPQueuePlaylist.h */,
				61E0779E1E454240006E061D /* JBPQueuePlaylist.m */,
				61E077A01E4544C3006E061D /* JBPNormalPlaylist.h */,
				61E077A11E4544C3006E061D /* JBPNormalPlaylist.m */,
			);
			name = "Playlist Classes";
			sourceTree = "<group>";
		};
		61E077A61E455048006E061D /* Music Store Classes */ = {
			isa = PBXGroup;
			children = (
				61E077AA1E455370006E061D /* JBPNode.h */,
				61E077AB1E455370006E061D /* JBPNode.m */,
				61E077A71E45505A006E061D /* JBPTrie.h */,
				61E077A81E45505A006E061D /* JBPTrie.m */,
				61E077AD1E469098006E061D /* JBPMusicStore.h */,
				61E077AE1E469098006E061D /* JBPMusicStore.m */,
			);
			name = "Music Store Classes";
			sourceTree = "<group>";
		};
		61E077B01E4692AA006E061D /* Song Classes */ = {
			isa = PBXGroup;
			children = (
				61E077B11E4692CE006E061D /* JBPSong.h */,
				61E077B21E4692CE006E061D /* JBPSong.m */,
				61E077B41E469527006E061D /* JBPSpotifySong.h */,
				61E077B51E469527006E061D /* JBPSpotifySong.m */,
			);
			name = "Song Classes";
			sourceTree = "<group>";
		};
		61E077C01E46D5E3006E061D /* JukeBox Classes */ = {
			isa = PBXGroup;
			children = (
				61E077BD1E46D5DC006E061D /* JBPJukeBoxController.h */,
				61E077BE1E46D5DC006E061D /* JBPJukeBoxController.m */,
			);
			name = "JukeBox Classes";
			sourceTree = "<group>";
		};
		61E077C41E47C18B006E061D /* Custom Views */ = {
			isa = PBXGroup;
			children = (
				61E077C11E47C183006E061D /* SongTableViewCell.h */,
				61E077C21E47C183006E061D /* SongTableViewCell.m */,
			);
			name = "Custom Views";
			sourceTree = "<group>";
		};
/* End PBXGroup section */

/* Begin PBXNativeTarget section */
		61E077441E44F352006E061D /* JukeboxApp */ = {
			isa = PBXNativeTarget;
			buildConfigurationList = 61E077721E44F352006E061D /* Build configuration list for PBXNativeTarget "JukeboxApp" */;
			buildPhases = (
				61E077411E44F352006E061D /* Sources */,
				61E077421E44F352006E061D /* Frameworks */,
				61E077431E44F352006E061D /* Resources */,
			);
			buildRules = (
			);
			dependencies = (
			);
			name = JukeboxApp;
			productName = JukeboxApp;
			productReference = 61E077451E44F352006E061D /* JukeboxApp.app */;
			productType = "com.apple.product-type.application";
		};
		61E0775D1E44F352006E061D /* JukeboxAppTests */ = {
			isa = PBXNativeTarget;
			buildConfigurationList = 61E077751E44F352006E061D /* Build configuration list for PBXNativeTarget "JukeboxAppTests" */;
			buildPhases = (
				61E0775A1E44F352006E061D /* Sources */,
				61E0775B1E44F352006E061D /* Frameworks */,
				61E0775C1E44F352006E061D /* Resources */,
			);
			buildRules = (
			);
			dependencies = (
				61E077601E44F352006E061D /* PBXTargetDependency */,
			);
			name = JukeboxAppTests;
			productName = JukeboxAppTests;
			productReference = 61E0775E1E44F352006E061D /* JukeboxAppTests.xctest */;
			productType = "com.apple.product-type.bundle.unit-test";
		};
		61E077681E44F352006E061D /* JukeboxAppUITests */ = {
			isa = PBXNativeTarget;
			buildConfigurationList = 61E077781E44F352006E061D /* Build configuration list for PBXNativeTarget "JukeboxAppUITests" */;
			buildPhases = (
				61E077651E44F352006E061D /* Sources */,
				61E077661E44F352006E061D /* Frameworks */,
				61E077671E44F352006E061D /* Resources */,
			);
			buildRules = (
			);
			dependencies = (
				61E0776B1E44F352006E061D /* PBXTargetDependency */,
			);
			name = JukeboxAppUITests;
			productName = JukeboxAppUITests;
			productReference = 61E077691E44F352006E061D /* JukeboxAppUITests.xctest */;
			productType = "com.apple.product-type.bundle.ui-testing";
		};
/* End PBXNativeTarget section */

/* Begin PBXProject section */
		61E0773D1E44F352006E061D /* Project object */ = {
			isa = PBXProject;
			attributes = {
				LastUpgradeCheck = 0820;
				ORGANIZATIONNAME = TKC;
				TargetAttributes = {
					61E077441E44F352006E061D = {
						CreatedOnToolsVersion = 8.2;
						DevelopmentTeam = KW8RLKUW3C;
						ProvisioningStyle = Automatic;
					};
					61E0775D1E44F352006E061D = {
						CreatedOnToolsVersion = 8.2;
						DevelopmentTeam = KW8RLKUW3C;
						ProvisioningStyle = Automatic;
						TestTargetID = 61E077441E44F352006E061D;
					};
					61E077681E44F352006E061D = {
						CreatedOnToolsVersion = 8.2;
						DevelopmentTeam = KW8RLKUW3C;
						ProvisioningStyle = Automatic;
						TestTargetID = 61E077441E44F352006E061D;
					};
				};
			};
			buildConfigurationList = 61E077401E44F352006E061D /* Build configuration list for PBXProject "JukeboxApp" */;
			compatibilityVersion = "Xcode 3.2";
			developmentRegion = English;
			hasScannedForEncodings = 0;
			knownRegions = (
				en,
				Base,
			);
			mainGroup = 61E0773C1E44F352006E061D;
			productRefGroup = 61E077461E44F352006E061D /* Products */;
			projectDirPath = "";
			projectRoot = "";
			targets = (
				61E077441E44F352006E061D /* JukeboxApp */,
				61E0775D1E44F352006E061D /* JukeboxAppTests */,
				61E077681E44F352006E061D /* JukeboxAppUITests */,
			);
		};
/* End PBXProject section */

/* Begin PBXResourcesBuildPhase section */
		61E077431E44F352006E061D /* Resources */ = {
			isa = PBXResourcesBuildPhase;
			buildActionMask = 2147483647;
			files = (
				61E077581E44F352006E061D /* LaunchScreen.storyboard in Resources */,
				61E077551E44F352006E061D /* Assets.xcassets in Resources */,
				61E077531E44F352006E061D /* Main.storyboard in Resources */,
			);
			runOnlyForDeploymentPostprocessing = 0;
		};
		61E0775C1E44F352006E061D /* Resources */ = {
			isa = PBXResourcesBuildPhase;
			buildActionMask = 2147483647;
			files = (
			);
			runOnlyForDeploymentPostprocessing = 0;
		};
		61E077671E44F352006E061D /* Resources */ = {
			isa = PBXResourcesBuildPhase;
			buildActionMask = 2147483647;
			files = (
			);
			runOnlyForDeploymentPostprocessing = 0;
		};
/* End PBXResourcesBuildPhase section */

/* Begin PBXSourcesBuildPhase section */
		61E077411E44F352006E061D /* Sources */ = {
			isa = PBXSourcesBuildPhase;
			buildActionMask = 2147483647;
			files = (
				61E077BF1E46D5DC006E061D /* JBPJukeBoxController.m in Sources */,
				61E077AF1E469098006E061D /* JBPMusicStore.m in Sources */,
				61E077C31E47C183006E061D /* SongTableViewCell.m in Sources */,
				61E077981E452B37006E061D /* JBPPlaylist.m in Sources */,
				61E077A51E45491A006E061D /* JBPPlaylistController.m in Sources */,
				61E077951E452223006E061D /* ViewController.m in Sources */,
				61E077B61E469527006E061D /* JBPSpotifySong.m in Sources */,
				61E0774D1E44F352006E061D /* AppDelegate.m in Sources */,
				61E077921E44FB53006E061D /* JBPSpotifyServiceManager.m in Sources */,
				61E077AC1E455370006E061D /* JBPNode.m in Sources */,
				61E077B91E46C76A006E061D /* PlaylistViewController.m in Sources */,
				61E077BC1E46CB47006E061D /* SongsViewController.m in Sources */,
				61E077B31E4692CE006E061D /* JBPSong.m in Sources */,
				61E0778B1E44F7CB006E061D /* JBPManger.m in Sources */,
				61E077A91E45505A006E061D /* JBPTrie.m in Sources */,
				61E077A21E4544C3006E061D /* JBPNormalPlaylist.m in Sources */,
				61E0779F1E454240006E061D /* JBPQueuePlaylist.m in Sources */,
				61E0774A1E44F352006E061D /* main.m in Sources */,
			);
			runOnlyForDeploymentPostprocessing = 0;
		};
		61E0775A1E44F352006E061D /* Sources */ = {
			isa = PBXSourcesBuildPhase;
			buildActionMask = 2147483647;
			files = (
				61E077631E44F352006E061D /* JukeboxAppTests.m in Sources */,
			);
			runOnlyForDeploymentPostprocessing = 0;
		};
		61E077651E44F352006E061D /* Sources */ = {
			isa = PBXSourcesBuildPhase;
			buildActionMask = 2147483647;
			files = (
				61E0776E1E44F352006E061D /* JukeboxAppUITests.m in Sources */,
			);
			runOnlyForDeploymentPostprocessing = 0;
		};
/* End PBXSourcesBuildPhase section */

/* Begin PBXTargetDependency section */
		61E077601E44F352006E061D /* PBXTargetDependency */ = {
			isa = PBXTargetDependency;
			target = 61E077441E44F352006E061D /* JukeboxApp */;
			targetProxy = 61E0775F1E44F352006E061D /* PBXContainerItemProxy */;
		};
		61E0776B1E44F352006E061D /* PBXTargetDependency */ = {
			isa = PBXTargetDependency;
			target = 61E077441E44F352006E061D /* JukeboxApp */;
			targetProxy = 61E0776A1E44F352006E061D /* PBXContainerItemProxy */;
		};
/* End PBXTargetDependency section */

/* Begin PBXVariantGroup section */
		61E077511E44F352006E061D /* Main.storyboard */ = {
			isa = PBXVariantGroup;
			children = (
				61E077521E44F352006E061D /* Base */,
			);
			name = Main.storyboard;
			sourceTree = "<group>";
		};
		61E077561E44F352006E061D /* LaunchScreen.storyboard */ = {
			isa = PBXVariantGroup;
			children = (
				61E077571E44F352006E061D /* Base */,
			);
			name = LaunchScreen.storyboard;
			sourceTree = "<group>";
		};
/* End PBXVariantGroup section */

/* Begin XCBuildConfiguration section */
		61E077701E44F352006E061D /* Debug */ = {
			isa = XCBuildConfiguration;
			buildSettings = {
				ALWAYS_SEARCH_USER_PATHS = NO;
				CLANG_ANALYZER_NONNULL = YES;
				CLANG_CXX_LANGUAGE_STANDARD = "gnu++0x";
				CLANG_CXX_LIBRARY = "libc++";
				CLANG_ENABLE_MODULES = YES;
				CLANG_ENABLE_OBJC_ARC = YES;
				CLANG_WARN_BOOL_CONVERSION = YES;
				CLANG_WARN_CONSTANT_CONVERSION = YES;
				CLANG_WARN_DIRECT_OBJC_ISA_USAGE = YES_ERROR;
				CLANG_WARN_DOCUMENTATION_COMMENTS = YES;
				CLANG_WARN_EMPTY_BODY = YES;
				CLANG_WARN_ENUM_CONVERSION = YES;
				CLANG_WARN_INFINITE_RECURSION = YES;
				CLANG_WARN_INT_CONVERSION = YES;
				CLANG_WARN_OBJC_ROOT_CLASS = YES_ERROR;
				CLANG_WARN_SUSPICIOUS_MOVE = YES;
				CLANG_WARN_UNREACHABLE_CODE = YES;
				CLANG_WARN__DUPLICATE_METHOD_MATCH = YES;
				"CODE_SIGN_IDENTITY[sdk=iphoneos*]" = "iPhone Developer";
				COPY_PHASE_STRIP = NO;
				DEBUG_INFORMATION_FORMAT = dwarf;
				ENABLE_STRICT_OBJC_MSGSEND = YES;
				ENABLE_TESTABILITY = YES;
				GCC_C_LANGUAGE_STANDARD = gnu99;
				GCC_DYNAMIC_NO_PIC = NO;
				GCC_NO_COMMON_BLOCKS = YES;
				GCC_OPTIMIZATION_LEVEL = 0;
				GCC_PREPROCESSOR_DEFINITIONS = (
					"DEBUG=1",
					"$(inherited)",
				);
				GCC_WARN_64_TO_32_BIT_CONVERSION = YES;
				GCC_WARN_ABOUT_RETURN_TYPE = YES_ERROR;
				GCC_WARN_UNDECLARED_SELECTOR = YES;
				GCC_WARN_UNINITIALIZED_AUTOS = YES_AGGRESSIVE;
				GCC_WARN_UNUSED_FUNCTION = YES;
				GCC_WARN_UNUSED_VARIABLE = YES;
				IPHONEOS_DEPLOYMENT_TARGET = 10.2;
				MTL_ENABLE_DEBUG_INFO = YES;
				ONLY_ACTIVE_ARCH = YES;
				SDKROOT = iphoneos;
			};
			name = Debug;
		};
		61E077711E44F352006E061D /* Release */ = {
			isa = XCBuildConfiguration;
			buildSettings = {
				ALWAYS_SEARCH_USER_PATHS = NO;
				CLANG_ANALYZER_NONNULL = YES;
				CLANG_CXX_LANGUAGE_STANDARD = "gnu++0x";
				CLANG_CXX_LIBRARY = "libc++";
				CLANG_ENABLE_MODULES = YES;
				CLANG_ENABLE_OBJC_ARC = YES;
				CLANG_WARN_BOOL_CONVERSION = YES;
				CLANG_WARN_CONSTANT_CONVERSION = YES;
				CLANG_WARN_DIRECT_OBJC_ISA_USAGE = YES_ERROR;
				CLANG_WARN_DOCUMENTATION_COMMENTS = YES;
				CLANG_WARN_EMPTY_BODY = YES;
				CLANG_WARN_ENUM_CONVERSION = YES;
				CLANG_WARN_INFINITE_RECURSION = YES;
				CLANG_WARN_INT_CONVERSION = YES;
				CLANG_WARN_OBJC_ROOT_CLASS = YES_ERROR;
				CLANG_WARN_SUSPICIOUS_MOVE = YES;
				CLANG_WARN_UNREACHABLE_CODE = YES;
				CLANG_WARN__DUPLICATE_METHOD_MATCH = YES;
				"CODE_SIGN_IDENTITY[sdk=iphoneos*]" = "iPhone Developer";
				COPY_PHASE_STRIP = NO;
				DEBUG_INFORMATION_FORMAT = "dwarf-with-dsym";
				ENABLE_NS_ASSERTIONS = NO;
				ENABLE_STRICT_OBJC_MSGSEND = YES;
				GCC_C_LANGUAGE_STANDARD = gnu99;
				GCC_NO_COMMON_BLOCKS = YES;
				GCC_WARN_64_TO_32_BIT_CONVERSION = YES;
				GCC_WARN_ABOUT_RETURN_TYPE = YES_ERROR;
				GCC_WARN_UNDECLARED_SELECTOR = YES;
				GCC_WARN_UNINITIALIZED_AUTOS = YES_AGGRESSIVE;
				GCC_WARN_UNUSED_FUNCTION = YES;
				GCC_WARN_UNUSED_VARIABLE = YES;
				IPHONEOS_DEPLOYMENT_TARGET = 10.2;
				MTL_ENABLE_DEBUG_INFO = NO;
				SDKROOT = iphoneos;
				VALIDATE_PRODUCT = YES;
			};
			name = Release;
		};
		61E077731E44F352006E061D /* Debug */ = {
			isa = XCBuildConfiguration;
			buildSettings = {
				ASSETCATALOG_COMPILER_APPICON_NAME = AppIcon;
				DEVELOPMENT_TEAM = KW8RLKUW3C;
				FRAMEWORK_SEARCH_PATHS = (
					"$(inherited)",
					"$(PROJECT_DIR)",
				);
				INFOPLIST_FILE = JukeboxApp/Info.plist;
				LD_RUNPATH_SEARCH_PATHS = "$(inherited) @executable_path/Frameworks";
				OTHER_LDFLAGS = "-ObjC";
				PRODUCT_BUNDLE_IDENTIFIER = com.tkc.JukeboxApp;
				PRODUCT_NAME = "$(TARGET_NAME)";
			};
			name = Debug;
		};
		61E077741E44F352006E061D /* Release */ = {
			isa = XCBuildConfiguration;
			buildSettings = {
				ASSETCATALOG_COMPILER_APPICON_NAME = AppIcon;
				DEVELOPMENT_TEAM = KW8RLKUW3C;
				FRAMEWORK_SEARCH_PATHS = (
					"$(inherited)",
					"$(PROJECT_DIR)",
				);
				INFOPLIST_FILE = JukeboxApp/Info.plist;
				LD_RUNPATH_SEARCH_PATHS = "$(inherited) @executable_path/Frameworks";
				OTHER_LDFLAGS = "-ObjC";
				PRODUCT_BUNDLE_IDENTIFIER = com.tkc.JukeboxApp;
				PRODUCT_NAME = "$(TARGET_NAME)";
			};
			name = Release;
		};
		61E077761E44F352006E061D /* Debug */ = {
			isa = XCBuildConfiguration;
			buildSettings = {
				BUNDLE_LOADER = "$(TEST_HOST)";
				DEVELOPMENT_TEAM = KW8RLKUW3C;
				INFOPLIST_FILE = JukeboxAppTests/Info.plist;
				LD_RUNPATH_SEARCH_PATHS = "$(inherited) @executable_path/Frameworks @loader_path/Frameworks";
				PRODUCT_BUNDLE_IDENTIFIER = com.tkc.JukeboxAppTests;
				PRODUCT_NAME = "$(TARGET_NAME)";
				TEST_HOST = "$(BUILT_PRODUCTS_DIR)/JukeboxApp.app/JukeboxApp";
			};
			name = Debug;
		};
		61E077771E44F352006E061D /* Release */ = {
			isa = XCBuildConfiguration;
			buildSettings = {
				BUNDLE_LOADER = "$(TEST_HOST)";
				DEVELOPMENT_TEAM = KW8RLKUW3C;
				INFOPLIST_FILE = JukeboxAppTests/Info.plist;
				LD_RUNPATH_SEARCH_PATHS = "$(inherited) @executable_path/Frameworks @loader_path/Frameworks";
				PRODUCT_BUNDLE_IDENTIFIER = com.tkc.JukeboxAppTests;
				PRODUCT_NAME = "$(TARGET_NAME)";
				TEST_HOST = "$(BUILT_PRODUCTS_DIR)/JukeboxApp.app/JukeboxApp";
			};
			name = Release;
		};
		61E077791E44F352006E061D /* Debug */ = {
			isa = XCBuildConfiguration;
			buildSettings = {
				DEVELOPMENT_TEAM = KW8RLKUW3C;
				INFOPLIST_FILE = JukeboxAppUITests/Info.plist;
				LD_RUNPATH_SEARCH_PATHS = "$(inherited) @executable_path/Frameworks @loader_path/Frameworks";
				PRODUCT_BUNDLE_IDENTIFIER = com.tkc.JukeboxAppUITests;
				PRODUCT_NAME = "$(TARGET_NAME)";
				TEST_TARGET_NAME = JukeboxApp;
			};
			name = Debug;
		};
		61E0777A1E44F352006E061D /* Release */ = {
			isa = XCBuildConfiguration;
			buildSettings = {
				DEVELOPMENT_TEAM = KW8RLKUW3C;
				INFOPLIST_FILE = JukeboxAppUITests/Info.plist;
				LD_RUNPATH_SEARCH_PATHS = "$(inherited) @executable_path/Frameworks @loader_path/Frameworks";
				PRODUCT_BUNDLE_IDENTIFIER = com.tkc.JukeboxAppUITests;
				PRODUCT_NAME = "$(TARGET_NAME)";
				TEST_TARGET_NAME = JukeboxApp;
			};
			name = Release;
		};
/* End XCBuildConfiguration section */

/* Begin XCConfigurationList section */
		61E077401E44F352006E061D /* Build configuration list for PBXProject "JukeboxApp" */ = {
			isa = XCConfigurationList;
			buildConfigurations = (
				61E077701E44F352006E061D /* Debug */,
				61E077711E44F352006E061D /* Release */,
			);
			defaultConfigurationIsVisible = 0;
			defaultConfigurationName = Release;
		};
		61E077721E44F352006E061D /* Build configuration list for PBXNativeTarget "JukeboxApp" */ = {
			isa = XCConfigurationList;
			buildConfigurations = (
				61E077731E44F352006E061D /* Debug */,
				61E077741E44F352006E061D /* Release */,
			);
			defaultConfigurationIsVisible = 0;
			defaultConfigurationName = Release;
		};
		61E077751E44F352006E061D /* Build configuration list for PBXNativeTarget "JukeboxAppTests" */ = {
			isa = XCConfigurationList;
			buildConfigurations = (
				61E077761E44F352006E061D /* Debug */,
				61E077771E44F352006E061D /* Release */,
			);
			defaultConfigurationIsVisible = 0;
			defaultConfigurationName = Release;
		};
		61E077781E44F352006E061D /* Build configuration list for PBXNativeTarget "JukeboxAppUITests" */ = {
			isa = XCConfigurationList;
			buildConfigurations = (
				61E077791E44F352006E061D /* Debug */,
				61E0777A1E44F352006E061D /* Release */,
			);
			defaultConfigurationIsVisible = 0;
			defaultConfigurationName = Release;
		};
/* End XCConfigurationList section */
	};
	rootObject = 61E0773D1E44F352006E061D /* Project object */;
}
